
Microsoft Visual Studio Solution File, Format Version 12.00
# Visual Studio Version 16
VisualStudioVersion = 16.0.31424.327
MinimumVisualStudioVersion = 10.0.40219.1
Project("{9A19103F-16F7-4668-BE54-9A1E7A4F7556}") = "Configurator", "Configurator\Configurator.csproj", "{4C12BF2E-4B6C-4A8A-9642-12C25EF50C28}"
EndProject
Project("{9A19103F-16F7-4668-BE54-9A1E7A4F7556}") = "Configurator.Config.Api", "Configurator.Config.Api\Configurator.Config.Api.csproj", "{A8D38440-DAA4-47E6-B270-50FE381D877D}"
EndProject
Project("{9A19103F-16F7-4668-BE54-9A1E7A4F7556}") = "Configurator.UI", "Configurator.UI\Configurator.UI.csproj", "{609B627B-C072-4CD8-81DC-C47A6111CDB3}"
EndProject
Project("{9A19103F-16F7-4668-BE54-9A1E7A4F7556}") = "CodeShellCore", "%CODESHELL_HOME%\CodeShellCore\CodeShellCore.csproj", "{F6CA33C2-A743-4130-BD9D-226997600AF9}"
EndProject
Project("{9A19103F-16F7-4668-BE54-9A1E7A4F7556}") = "CodeShellCore.Web", "%CODESHELL_HOME%\CodeShellCore.Web\CodeShellCore.Web.csproj", "{CCD11041-EE04-46B3-BAD4-936DB9F87D0A}"
EndProject
Project("{9A19103F-16F7-4668-BE54-9A1E7A4F7556}") = "CodeShellCore.Caching", "%CODESHELL_HOME%\CodeShellCore.Caching\CodeShellCore.Caching.csproj", "{280E8C24-C11E-4247-80A6-03A9470620AB}"
EndProject
Project("{9A19103F-16F7-4668-BE54-9A1E7A4F7556}") = "CodeShellCore.Web.Razor", "%CODESHELL_HOME%\CodeShellCore.Web.Razor\CodeShellCore.Web.Razor.csproj", "{8DEC2E94-C819-489C-82B1-533552434F33}"
EndProject
Project("{9A19103F-16F7-4668-BE54-9A1E7A4F7556}") = "CodeShellCore.EntityFramework", "%CODESHELL_HOME%\CodeShellCore.EntityFramework\CodeShellCore.EntityFramework.csproj", "{4D4591F8-A11D-42B3-B8B2-486BE9051E6E}"
EndProject
Project("{9A19103F-16F7-4668-BE54-9A1E7A4F7556}") = "CodeShellCore.Moldster", "%CODESHELL_HOME%\CodeShellCore.Moldster\CodeShellCore.Moldster.csproj", "{B1ED3D75-831B-4AFF-B3D2-94F45B57173F}"
EndProject
Project("{9A19103F-16F7-4668-BE54-9A1E7A4F7556}") = "CodeShellCore.MQ", "%CODESHELL_HOME%\CodeShellCore.MQ\CodeShellCore.MQ.csproj", "{46BB816B-0DB6-438C-A71D-5475D3EE20C0}"
EndProject
Project("{9A19103F-16F7-4668-BE54-9A1E7A4F7556}") = "CodeShellCore.Reporting", "%CODESHELL_HOME%\CodeShellCore.Reporting\CodeShellCore.Reporting.csproj", "{E09319ED-B9A9-4867-AB2A-E51417437804}"
EndProject
Global
	GlobalSection(SolutionConfigurationPlatforms) = preSolution
		Debug|Any CPU = Debug|Any CPU
		Release|Any CPU = Release|Any CPU
	EndGlobalSection
	GlobalSection(ProjectConfigurationPlatforms) = postSolution
		{4C12BF2E-4B6C-4A8A-9642-12C25EF50C28}.Debug|Any CPU.ActiveCfg = Debug|Any CPU
		{4C12BF2E-4B6C-4A8A-9642-12C25EF50C28}.Debug|Any CPU.Build.0 = Debug|Any CPU
		{4C12BF2E-4B6C-4A8A-9642-12C25EF50C28}.Release|Any CPU.ActiveCfg = Release|Any CPU
		{4C12BF2E-4B6C-4A8A-9642-12C25EF50C28}.Release|Any CPU.Build.0 = Release|Any CPU
		{A8D38440-DAA4-47E6-B270-50FE381D877D}.Debug|Any CPU.ActiveCfg = Debug|Any CPU
		{A8D38440-DAA4-47E6-B270-50FE381D877D}.Debug|Any CPU.Build.0 = Debug|Any CPU
		{A8D38440-DAA4-47E6-B270-50FE381D877D}.Release|Any CPU.ActiveCfg = Release|Any CPU
		{A8D38440-DAA4-47E6-B270-50FE381D877D}.Release|Any CPU.Build.0 = Release|Any CPU
		{609B627B-C072-4CD8-81DC-C47A6111CDB3}.Debug|Any CPU.ActiveCfg = Debug|Any CPU
		{609B627B-C072-4CD8-81DC-C47A6111CDB3}.Debug|Any CPU.Build.0 = Debug|Any CPU
		{609B627B-C072-4CD8-81DC-C47A6111CDB3}.Release|Any CPU.ActiveCfg = Release|Any CPU
		{609B627B-C072-4CD8-81DC-C47A6111CDB3}.Release|Any CPU.Build.0 = Release|Any CPU
		{F6CA33C2-A743-4130-BD9D-226997600AF9}.Debug|Any CPU.ActiveCfg = Debug|Any CPU
		{F6CA33C2-A743-4130-BD9D-226997600AF9}.Debug|Any CPU.Build.0 = Debug|Any CPU
		{F6CA33C2-A743-4130-BD9D-226997600AF9}.Release|Any CPU.ActiveCfg = Release|Any CPU
		{F6CA33C2-A743-4130-BD9D-226997600AF9}.Release|Any CPU.Build.0 = Release|Any CPU
		{CCD11041-EE04-46B3-BAD4-936DB9F87D0A}.Debug|Any CPU.ActiveCfg = Debug|Any CPU
		{CCD11041-EE04-46B3-BAD4-936DB9F87D0A}.Debug|Any CPU.Build.0 = Debug|Any CPU
		{CCD11041-EE04-46B3-BAD4-936DB9F87D0A}.Release|Any CPU.ActiveCfg = Release|Any CPU
		{CCD11041-EE04-46B3-BAD4-936DB9F87D0A}.Release|Any CPU.Build.0 = Release|Any CPU
		{280E8C24-C11E-4247-80A6-03A9470620AB}.Debug|Any CPU.ActiveCfg = Debug|Any CPU
		{280E8C24-C11E-4247-80A6-03A9470620AB}.Debug|Any CPU.Build.0 = Debug|Any CPU
		{280E8C24-C11E-4247-80A6-03A9470620AB}.Release|Any CPU.ActiveCfg = Release|Any CPU
		{280E8C24-C11E-4247-80A6-03A9470620AB}.Release|Any CPU.Build.0 = Release|Any CPU
		{8DEC2E94-C819-489C-82B1-533552434F33}.Debug|Any CPU.ActiveCfg = Debug|Any CPU
		{8DEC2E94-C819-489C-82B1-533552434F33}.Debug|Any CPU.Build.0 = Debug|Any CPU
		{8DEC2E94-C819-489C-82B1-533552434F33}.Release|Any CPU.ActiveCfg = Release|Any CPU
		{8DEC2E94-C819-489C-82B1-533552434F33}.Release|Any CPU.Build.0 = Release|Any CPU
		{4D4591F8-A11D-42B3-B8B2-486BE9051E6E}.Debug|Any CPU.ActiveCfg = Debug|Any CPU
		{4D4591F8-A11D-42B3-B8B2-486BE9051E6E}.Debug|Any CPU.Build.0 = Debug|Any CPU
		{4D4591F8-A11D-42B3-B8B2-486BE9051E6E}.Release|Any CPU.ActiveCfg = Release|Any CPU
		{4D4591F8-A11D-42B3-B8B2-486BE9051E6E}.Release|Any CPU.Build.0 = Release|Any CPU
		{B1ED3D75-831B-4AFF-B3D2-94F45B57173F}.Debug|Any CPU.ActiveCfg = Debug|Any CPU
		{B1ED3D75-831B-4AFF-B3D2-94F45B57173F}.Debug|Any CPU.Build.0 = Debug|Any CPU
		{B1ED3D75-831B-4AFF-B3D2-94F45B57173F}.Release|Any CPU.ActiveCfg = Release|Any CPU
		{B1ED3D75-831B-4AFF-B3D2-94F45B57173F}.Release|Any CPU.Build.0 = Release|Any CPU
		{46BB816B-0DB6-438C-A71D-5475D3EE20C0}.Debug|Any CPU.ActiveCfg = Debug|Any CPU
		{46BB816B-0DB6-438C-A71D-5475D3EE20C0}.Debug|Any CPU.Build.0 = Debug|Any CPU
		{46BB816B-0DB6-438C-A71D-5475D3EE20C0}.Release|Any CPU.ActiveCfg = Release|Any CPU
		{46BB816B-0DB6-438C-A71D-5475D3EE20C0}.Release|Any CPU.Build.0 = Release|Any CPU
		{E09319ED-B9A9-4867-AB2A-E51417437804}.Debug|Any CPU.ActiveCfg = Debug|Any CPU
		{E09319ED-B9A9-4867-AB2A-E51417437804}.Debug|Any CPU.Build.0 = Debug|Any CPU
		{E09319ED-B9A9-4867-AB2A-E51417437804}.Release|Any CPU.ActiveCfg = Release|Any CPU
		{E09319ED-B9A9-4867-AB2A-E51417437804}.Release|Any CPU.Build.0 = Release|Any CPU
	EndGlobalSection
	GlobalSection(SolutionProperties) = preSolution
		HideSolutionNode = FALSE
	EndGlobalSection
	GlobalSection(ExtensibilityGlobals) = postSolution
		SolutionGuid = {E82E72DD-2783-42AB-9DFE-71B18CE8FB76}
	EndGlobalSection
EndGlobal
